{
  "name": "QuizGeneratorProject",
  "lockfileVersion": 2,
  "requires": true,
  "packages": {
    "": {
      "dependencies": {
        "@angular/animations": "^14.2.0",
        "@auth0/auth0-angular": "^1.10.1",
        "axios": "^0.27.2",
        "primeicons": "^5.0.0",
        "primeng": "^14.0.2"
      },
      "devDependencies": {
        "@types/node": "^18.7.15"
      }
    },
    "node_modules/@angular/animations": {
      "version": "14.2.0",
      "resolved": "https://registry.npmjs.org/@angular/animations/-/animations-14.2.0.tgz",
      "integrity": "sha512-T54F5NvX0XMj6L7hdqYYORFjY6EckOWaK96bF9QqJLKwIRViCEGR5YzaHGhQaAipvUJ+kEwN+bnRBJWOaNbmUw==",
      "dependencies": {
        "tslib": "^2.3.0"
      },
      "engines": {
        "node": "^14.15.0 || >=16.10.0"
      },
      "peerDependencies": {
        "@angular/core": "14.2.0"
      }
    },
    "node_modules/@angular/common": {
      "version": "14.2.0",
      "resolved": "https://registry.npmjs.org/@angular/common/-/common-14.2.0.tgz",
      "integrity": "sha512-dXCGuM/Yh9B8OVVHHfPuXLYdu0olemKmuYLZXGoqyzeYU5OpQ6+qcHYTrlREkWpF9QY+pk2ewfM9Hke1UENEHA==",
      "peer": true,
      "dependencies": {
        "tslib": "^2.3.0"
      },
      "engines": {
        "node": "^14.15.0 || >=16.10.0"
      },
      "peerDependencies": {
        "@angular/core": "14.2.0",
        "rxjs": "^6.5.3 || ^7.4.0"
      }
    },
    "node_modules/@angular/core": {
      "version": "14.2.0",
      "resolved": "https://registry.npmjs.org/@angular/core/-/core-14.2.0.tgz",
      "integrity": "sha512-m00WZL+df90QjrNmA43W8oSP1hyePoEXgw36JcFLQ+2ISO1HvqoeuKXIccyIQKpCuQ9VLNv5ptlTio6pjmcCqg==",
      "peer": true,
      "dependencies": {
        "tslib": "^2.3.0"
      },
      "engines": {
        "node": "^14.15.0 || >=16.10.0"
      },
      "peerDependencies": {
        "rxjs": "^6.5.3 || ^7.4.0",
        "zone.js": "~0.11.4"
      }
    },
    "node_modules/@angular/forms": {
      "version": "14.2.0",
      "resolved": "https://registry.npmjs.org/@angular/forms/-/forms-14.2.0.tgz",
      "integrity": "sha512-KVAd4ITEUnP/MLNTDbTWEMoYIZgKawvoaNu4nBP0DAcZsADmB5a6IPYcg6GrgJ+teN0SnpiCxKvq1hRITj3d7g==",
      "peer": true,
      "dependencies": {
        "tslib": "^2.3.0"
      },
      "engines": {
        "node": "^14.15.0 || >=16.10.0"
      },
      "peerDependencies": {
        "@angular/common": "14.2.0",
        "@angular/core": "14.2.0",
        "@angular/platform-browser": "14.2.0",
        "rxjs": "^6.5.3 || ^7.4.0"
      }
    },
    "node_modules/@angular/platform-browser": {
      "version": "14.2.0",
      "resolved": "https://registry.npmjs.org/@angular/platform-browser/-/platform-browser-14.2.0.tgz",
      "integrity": "sha512-zYWB9FtZQZEhPV2PuzaoXWChWS+7o4SP+0sF8hLddGNOezf1FsKKrqDhyYtQYgZ2qQPsS+uDFfkVry5dppALUQ==",
      "peer": true,
      "dependencies": {
        "tslib": "^2.3.0"
      },
      "engines": {
        "node": "^14.15.0 || >=16.10.0"
      },
      "peerDependencies": {
        "@angular/animations": "14.2.0",
        "@angular/common": "14.2.0",
        "@angular/core": "14.2.0"
      },
      "peerDependenciesMeta": {
        "@angular/animations": {
          "optional": true
        }
      }
    },
    "node_modules/@angular/router": {
      "version": "14.2.0",
      "resolved": "https://registry.npmjs.org/@angular/router/-/router-14.2.0.tgz",
      "integrity": "sha512-SvtmSlRCIWeLhbXYh09W7luPKTtpZL16PB4DbT3VVfZlt2PfMys/tAmOCvChNxjkOgV7yEGaqklWw/1wKxeRlg==",
      "peer": true,
      "dependencies": {
        "tslib": "^2.3.0"
      },
      "engines": {
        "node": "^14.15.0 || >=16.10.0"
      },
      "peerDependencies": {
        "@angular/common": "14.2.0",
        "@angular/core": "14.2.0",
        "@angular/platform-browser": "14.2.0",
        "rxjs": "^6.5.3 || ^7.4.0"
      }
    },
    "node_modules/@auth0/auth0-angular": {
      "version": "1.10.1",
      "resolved": "https://registry.npmjs.org/@auth0/auth0-angular/-/auth0-angular-1.10.1.tgz",
      "integrity": "sha512-lbWmzaBSisBH7EGQEY+eDRCQL8PkZF2Nq1zbrHkO1pwkxh1QNqr+jVjrDTTBvQGelTijR3wFUq1ykxxphXWcQA==",
      "dependencies": {
        "@auth0/auth0-spa-js": "^1.22.0",
        "tslib": "^2.0.0"
      },
      "peerDependencies": {
        "@angular/common": ">=9 <=14",
        "@angular/core": ">=9 <=14",
        "@angular/router": ">=9 <=14"
      }
    },
    "node_modules/@auth0/auth0-spa-js": {
      "version": "1.22.3",
      "resolved": "https://registry.npmjs.org/@auth0/auth0-spa-js/-/auth0-spa-js-1.22.3.tgz",
      "integrity": "sha512-wy0ZjoBaNzxc9b/Mj9TNCWPxoriD3DP9/QCvG+7FQFvh9mvzL5IPfnm/dPjqHnxBN9CpIGecaNU7sKm4Jl6jhA==",
      "dependencies": {
        "abortcontroller-polyfill": "^1.7.3",
        "browser-tabs-lock": "^1.2.15",
        "core-js": "^3.24.0",
        "es-cookie": "~1.3.2",
        "fast-text-encoding": "^1.0.4",
        "promise-polyfill": "^8.2.3",
        "unfetch": "^4.2.0"
      }
    },
    "node_modules/@types/node": {
      "version": "18.7.15",
      "resolved": "https://registry.npmjs.org/@types/node/-/node-18.7.15.tgz",
      "integrity": "sha512-XnjpaI8Bgc3eBag2Aw4t2Uj/49lLBSStHWfqKvIuXD7FIrZyMLWp8KuAFHAqxMZYTF9l08N1ctUn9YNybZJVmQ==",
      "dev": true
    },
    "node_modules/abortcontroller-polyfill": {
      "version": "1.7.3",
      "resolved": "https://registry.npmjs.org/abortcontroller-polyfill/-/abortcontroller-polyfill-1.7.3.tgz",
      "integrity": "sha512-zetDJxd89y3X99Kvo4qFx8GKlt6GsvN3UcRZHwU6iFA/0KiOmhkTVhe8oRoTBiTVPZu09x3vCra47+w8Yz1+2Q=="
    },
    "node_modules/asynckit": {
      "version": "0.4.0",
      "resolved": "https://registry.npmjs.org/asynckit/-/asynckit-0.4.0.tgz",
      "integrity": "sha512-Oei9OH4tRh0YqU3GxhX79dM/mwVgvbZJaSNaRk+bshkj0S5cfHcgYakreBjrHwatXKbz+IoIdYLxrKim2MjW0Q=="
    },
    "node_modules/axios": {
      "version": "0.27.2",
      "resolved": "https://registry.npmjs.org/axios/-/axios-0.27.2.tgz",
      "integrity": "sha512-t+yRIyySRTp/wua5xEr+z1q60QmLq8ABsS5O9Me1AsE5dfKqgnCFzwiCZZ/cGNd1lq4/7akDWMxdhVlucjmnOQ==",
      "dependencies": {
        "follow-redirects": "^1.14.9",
        "form-data": "^4.0.0"
      }
    },
    "node_modules/browser-tabs-lock": {
      "version": "1.2.15",
      "resolved": "https://registry.npmjs.org/browser-tabs-lock/-/browser-tabs-lock-1.2.15.tgz",
      "integrity": "sha512-J8K9vdivK0Di+b8SBdE7EZxDr88TnATing7XoLw6+nFkXMQ6sVBh92K3NQvZlZU91AIkFRi0w3sztk5Z+vsswA==",
      "hasInstallScript": true,
      "dependencies": {
        "lodash": ">=4.17.21"
      }
    },
    "node_modules/combined-stream": {
      "version": "1.0.8",
      "resolved": "https://registry.npmjs.org/combined-stream/-/combined-stream-1.0.8.tgz",
      "integrity": "sha512-FQN4MRfuJeHf7cBbBMJFXhKSDq+2kAArBlmRBvcvFE5BB1HZKXtSFASDhdlz9zOYwxh8lDdnvmMOe/+5cdoEdg==",
      "dependencies": {
        "delayed-stream": "~1.0.0"
      },
      "engines": {
        "node": ">= 0.8"
      }
    },
    "node_modules/core-js": {
      "version": "3.25.0",
      "resolved": "https://registry.npmjs.org/core-js/-/core-js-3.25.0.tgz",
      "integrity": "sha512-CVU1xvJEfJGhyCpBrzzzU1kjCfgsGUxhEvwUV2e/cOedYWHdmluamx+knDnmhqALddMG16fZvIqvs9aijsHHaA==",
      "hasInstallScript": true,
      "funding": {
        "type": "opencollective",
        "url": "https://opencollective.com/core-js"
      }
    },
    "node_modules/delayed-stream": {
      "version": "1.0.0",
      "resolved": "https://registry.npmjs.org/delayed-stream/-/delayed-stream-1.0.0.tgz",
      "integrity": "sha512-ZySD7Nf91aLB0RxL4KGrKHBXl7Eds1DAmEdcoVawXnLD7SDhpNgtuII2aAkg7a7QS41jxPSZ17p4VdGnMHk3MQ==",
      "engines": {
        "node": ">=0.4.0"
      }
    },
    "node_modules/es-cookie": {
      "version": "1.3.2",
      "resolved": "https://registry.npmjs.org/es-cookie/-/es-cookie-1.3.2.tgz",
      "integrity": "sha512-UTlYYhXGLOy05P/vKVT2Ui7WtC7NiRzGtJyAKKn32g5Gvcjn7KAClLPWlipCtxIus934dFg9o9jXiBL0nP+t9Q=="
    },
    "node_modules/fast-text-encoding": {
      "version": "1.0.6",
      "resolved": "https://registry.npmjs.org/fast-text-encoding/-/fast-text-encoding-1.0.6.tgz",
      "integrity": "sha512-VhXlQgj9ioXCqGstD37E/HBeqEGV/qOD/kmbVG8h5xKBYvM1L3lR1Zn4555cQ8GkYbJa8aJSipLPndE1k6zK2w=="
    },
    "node_modules/follow-redirects": {
      "version": "1.15.1",
      "resolved": "https://registry.npmjs.org/follow-redirects/-/follow-redirects-1.15.1.tgz",
      "integrity": "sha512-yLAMQs+k0b2m7cVxpS1VKJVvoz7SS9Td1zss3XRwXj+ZDH00RJgnuLx7E44wx02kQLrdM3aOOy+FpzS7+8OizA==",
      "funding": [
        {
          "type": "individual",
          "url": "https://github.com/sponsors/RubenVerborgh"
        }
      ],
      "engines": {
        "node": ">=4.0"
      },
      "peerDependenciesMeta": {
        "debug": {
          "optional": true
        }
      }
    },
    "node_modules/form-data": {
      "version": "4.0.0",
      "resolved": "https://registry.npmjs.org/form-data/-/form-data-4.0.0.tgz",
      "integrity": "sha512-ETEklSGi5t0QMZuiXoA/Q6vcnxcLQP5vdugSpuAyi6SVGi2clPPp+xgEhuMaHC+zGgn31Kd235W35f7Hykkaww==",
      "dependencies": {
        "asynckit": "^0.4.0",
        "combined-stream": "^1.0.8",
        "mime-types": "^2.1.12"
      },
      "engines": {
        "node": ">= 6"
      }
    },
    "node_modules/lodash": {
      "version": "4.17.21",
      "resolved": "https://registry.npmjs.org/lodash/-/lodash-4.17.21.tgz",
      "integrity": "sha512-v2kDEe57lecTulaDIuNTPy3Ry4gLGJ6Z1O3vE1krgXZNrsQ+LFTGHVxVjcXPs17LhbZVGedAJv8XZ1tvj5FvSg=="
    },
    "node_modules/mime-db": {
      "version": "1.52.0",
      "resolved": "https://registry.npmjs.org/mime-db/-/mime-db-1.52.0.tgz",
      "integrity": "sha512-sPU4uV7dYlvtWJxwwxHD0PuihVNiE7TyAbQ5SWxDCB9mUYvOgroQOwYQQOKPJ8CIbE+1ETVlOoK1UC2nU3gYvg==",
      "engines": {
        "node": ">= 0.6"
      }
    },
    "node_modules/mime-types": {
      "version": "2.1.35",
      "resolved": "https://registry.npmjs.org/mime-types/-/mime-types-2.1.35.tgz",
      "integrity": "sha512-ZDY+bPm5zTTF+YpCrAU9nK0UgICYPT0QtT1NZWFv4s++TNkcgVaT0g6+4R2uI4MjQjzysHB1zxuWL50hzaeXiw==",
      "dependencies": {
        "mime-db": "1.52.0"
      },
      "engines": {
        "node": ">= 0.6"
      }
    },
    "node_modules/primeicons": {
      "version": "5.0.0",
      "resolved": "https://registry.npmjs.org/primeicons/-/primeicons-5.0.0.tgz",
      "integrity": "sha512-heygWF0X5HFI1otlZE62pp6ye7sZ8om78J9au2BRkg8O7Y8AHTZ9qKMRzchZUHLe8zUAvdi6hZzzm9XxgwIExw=="
    },
    "node_modules/primeng": {
      "version": "14.0.2",
      "resolved": "https://registry.npmjs.org/primeng/-/primeng-14.0.2.tgz",
      "integrity": "sha512-u86x44LqD3tqA/ENnxqrjxZv6XZBlyhMDx2piTG0TTSNe5XKhrcoA7Bg7G3czdXKm8RFJNtAjBxZYoxdBmb/+Q==",
      "dependencies": {
        "tslib": "^2.3.0"
      },
      "peerDependencies": {
        "@angular/common": "^14.0.0",
        "@angular/core": "^14.0.0",
        "@angular/forms": "^14.0.0",
        "primeicons": "^5.0.0",
        "rxjs": "^6.0.0 || ^7.0.0",
        "zone.js": "^0.10.2 || ^0.11.0"
      }
    },
    "node_modules/promise-polyfill": {
      "version": "8.2.3",
      "resolved": "https://registry.npmjs.org/promise-polyfill/-/promise-polyfill-8.2.3.tgz",
      "integrity": "sha512-Og0+jCRQetV84U8wVjMNccfGCnMQ9mGs9Hv78QFe+pSDD3gWTpz0y+1QCuxy5d/vBFuZ3iwP2eycAkvqIMPmWg=="
    },
    "node_modules/rxjs": {
      "version": "7.5.6",
      "resolved": "https://registry.npmjs.org/rxjs/-/rxjs-7.5.6.tgz",
      "integrity": "sha512-dnyv2/YsXhnm461G+R/Pe5bWP41Nm6LBXEYWI6eiFP4fiwx6WRI/CD0zbdVAudd9xwLEF2IDcKXLHit0FYjUzw==",
      "peer": true,
      "dependencies": {
        "tslib": "^2.1.0"
      }
    },
    "node_modules/tslib": {
      "version": "2.4.0",
      "resolved": "https://registry.npmjs.org/tslib/-/tslib-2.4.0.tgz",
      "integrity": "sha512-d6xOpEDfsi2CZVlPQzGeux8XMwLT9hssAsaPYExaQMuYskwb+x1x7J371tWlbBdWHroy99KnVB6qIkUbs5X3UQ=="
    },
    "node_modules/unfetch": {
      "version": "4.2.0",
      "resolved": "https://registry.npmjs.org/unfetch/-/unfetch-4.2.0.tgz",
      "integrity": "sha512-F9p7yYCn6cIW9El1zi0HI6vqpeIvBsr3dSuRO6Xuppb1u5rXpCPmMvLSyECLhybr9isec8Ohl0hPekMVrEinDA=="
    },
    "node_modules/zone.js": {
      "version": "0.11.8",
      "resolved": "https://registry.npmjs.org/zone.js/-/zone.js-0.11.8.tgz",
      "integrity": "sha512-82bctBg2hKcEJ21humWIkXRlLBBmrc3nN7DFh5LGGhcyycO2S7FN8NmdvlcKaGFDNVL4/9kFLmwmInTavdJERA==",
      "peer": true,
      "dependencies": {
        "tslib": "^2.3.0"
      }
    }
  },
  "dependencies": {
    "@angular/animations": {
      "version": "14.2.0",
      "resolved": "https://registry.npmjs.org/@angular/animations/-/animations-14.2.0.tgz",
      "integrity": "sha512-T54F5NvX0XMj6L7hdqYYORFjY6EckOWaK96bF9QqJLKwIRViCEGR5YzaHGhQaAipvUJ+kEwN+bnRBJWOaNbmUw==",
      "requires": {
        "tslib": "^2.3.0"
      }
    },
    "@angular/common": {
      "version": "14.2.0",
      "resolved": "https://registry.npmjs.org/@angular/common/-/common-14.2.0.tgz",
      "integrity": "sha512-dXCGuM/Yh9B8OVVHHfPuXLYdu0olemKmuYLZXGoqyzeYU5OpQ6+qcHYTrlREkWpF9QY+pk2ewfM9Hke1UENEHA==",
      "peer": true,
      "requires": {
        "tslib": "^2.3.0"
      }
    },
    "@angular/core": {
      "version": "14.2.0",
      "resolved": "https://registry.npmjs.org/@angular/core/-/core-14.2.0.tgz",
      "integrity": "sha512-m00WZL+df90QjrNmA43W8oSP1hyePoEXgw36JcFLQ+2ISO1HvqoeuKXIccyIQKpCuQ9VLNv5ptlTio6pjmcCqg==",
      "peer": true,
      "requires": {
        "tslib": "^2.3.0"
      }
    },
    "@angular/forms": {
      "version": "14.2.0",
      "resolved": "https://registry.npmjs.org/@angular/forms/-/forms-14.2.0.tgz",
      "integrity": "sha512-KVAd4ITEUnP/MLNTDbTWEMoYIZgKawvoaNu4nBP0DAcZsADmB5a6IPYcg6GrgJ+teN0SnpiCxKvq1hRITj3d7g==",
      "peer": true,
      "requires": {
        "tslib": "^2.3.0"
      }
    },
    "@angular/platform-browser": {
      "version": "14.2.0",
      "resolved": "https://registry.npmjs.org/@angular/platform-browser/-/platform-browser-14.2.0.tgz",
      "integrity": "sha512-zYWB9FtZQZEhPV2PuzaoXWChWS+7o4SP+0sF8hLddGNOezf1FsKKrqDhyYtQYgZ2qQPsS+uDFfkVry5dppALUQ==",
      "peer": true,
      "requires": {
        "tslib": "^2.3.0"
      }
    },
    "@angular/router": {
      "version": "14.2.0",
      "resolved": "https://registry.npmjs.org/@angular/router/-/router-14.2.0.tgz",
      "integrity": "sha512-SvtmSlRCIWeLhbXYh09W7luPKTtpZL16PB4DbT3VVfZlt2PfMys/tAmOCvChNxjkOgV7yEGaqklWw/1wKxeRlg==",
      "peer": true,
      "requires": {
        "tslib": "^2.3.0"
      }
    },
    "@auth0/auth0-angular": {
      "version": "1.10.1",
      "resolved": "https://registry.npmjs.org/@auth0/auth0-angular/-/auth0-angular-1.10.1.tgz",
      "integrity": "sha512-lbWmzaBSisBH7EGQEY+eDRCQL8PkZF2Nq1zbrHkO1pwkxh1QNqr+jVjrDTTBvQGelTijR3wFUq1ykxxphXWcQA==",
      "requires": {
        "@auth0/auth0-spa-js": "^1.22.0",
        "tslib": "^2.0.0"
      }
    },
    "@auth0/auth0-spa-js": {
      "version": "1.22.3",
      "resolved": "https://registry.npmjs.org/@auth0/auth0-spa-js/-/auth0-spa-js-1.22.3.tgz",
      "integrity": "sha512-wy0ZjoBaNzxc9b/Mj9TNCWPxoriD3DP9/QCvG+7FQFvh9mvzL5IPfnm/dPjqHnxBN9CpIGecaNU7sKm4Jl6jhA==",
      "requires": {
        "abortcontroller-polyfill": "^1.7.3",
        "browser-tabs-lock": "^1.2.15",
        "core-js": "^3.24.0",
        "es-cookie": "~1.3.2",
        "fast-text-encoding": "^1.0.4",
        "promise-polyfill": "^8.2.3",
        "unfetch": "^4.2.0"
      }
    },
    "@types/node": {
      "version": "18.7.15",
      "resolved": "https://registry.npmjs.org/@types/node/-/node-18.7.15.tgz",
      "integrity": "sha512-XnjpaI8Bgc3eBag2Aw4t2Uj/49lLBSStHWfqKvIuXD7FIrZyMLWp8KuAFHAqxMZYTF9l08N1ctUn9YNybZJVmQ==",
      "dev": true
    },
    "abortcontroller-polyfill": {
      "version": "1.7.3",
      "resolved": "https://registry.npmjs.org/abortcontroller-polyfill/-/abortcontroller-polyfill-1.7.3.tgz",
      "integrity": "sha512-zetDJxd89y3X99Kvo4qFx8GKlt6GsvN3UcRZHwU6iFA/0KiOmhkTVhe8oRoTBiTVPZu09x3vCra47+w8Yz1+2Q=="
    },
    "asynckit": {
      "version": "0.4.0",
      "resolved": "https://registry.npmjs.org/asynckit/-/asynckit-0.4.0.tgz",
      "integrity": "sha512-Oei9OH4tRh0YqU3GxhX79dM/mwVgvbZJaSNaRk+bshkj0S5cfHcgYakreBjrHwatXKbz+IoIdYLxrKim2MjW0Q=="
    },
    "axios": {
      "version": "0.27.2",
      "resolved": "https://registry.npmjs.org/axios/-/axios-0.27.2.tgz",
      "integrity": "sha512-t+yRIyySRTp/wua5xEr+z1q60QmLq8ABsS5O9Me1AsE5dfKqgnCFzwiCZZ/cGNd1lq4/7akDWMxdhVlucjmnOQ==",
      "requires": {
        "follow-redirects": "^1.14.9",
        "form-data": "^4.0.0"
      }
    },
    "browser-tabs-lock": {
      "version": "1.2.15",
      "resolved": "https://registry.npmjs.org/browser-tabs-lock/-/browser-tabs-lock-1.2.15.tgz",
      "integrity": "sha512-J8K9vdivK0Di+b8SBdE7EZxDr88TnATing7XoLw6+nFkXMQ6sVBh92K3NQvZlZU91AIkFRi0w3sztk5Z+vsswA==",
      "requires": {
        "lodash": ">=4.17.21"
      }
    },
    "combined-stream": {
      "version": "1.0.8",
      "resolved": "https://registry.npmjs.org/combined-stream/-/combined-stream-1.0.8.tgz",
      "integrity": "sha512-FQN4MRfuJeHf7cBbBMJFXhKSDq+2kAArBlmRBvcvFE5BB1HZKXtSFASDhdlz9zOYwxh8lDdnvmMOe/+5cdoEdg==",
      "requires": {
        "delayed-stream": "~1.0.0"
      }
    },
    "core-js": {
      "version": "3.25.0",
      "resolved": "https://registry.npmjs.org/core-js/-/core-js-3.25.0.tgz",
      "integrity": "sha512-CVU1xvJEfJGhyCpBrzzzU1kjCfgsGUxhEvwUV2e/cOedYWHdmluamx+knDnmhqALddMG16fZvIqvs9aijsHHaA=="
    },
    "delayed-stream": {
      "version": "1.0.0",
      "resolved": "https://registry.npmjs.org/delayed-stream/-/delayed-stream-1.0.0.tgz",
      "integrity": "sha512-ZySD7Nf91aLB0RxL4KGrKHBXl7Eds1DAmEdcoVawXnLD7SDhpNgtuII2aAkg7a7QS41jxPSZ17p4VdGnMHk3MQ=="
    },
    "es-cookie": {
      "version": "1.3.2",
      "resolved": "https://registry.npmjs.org/es-cookie/-/es-cookie-1.3.2.tgz",
      "integrity": "sha512-UTlYYhXGLOy05P/vKVT2Ui7WtC7NiRzGtJyAKKn32g5Gvcjn7KAClLPWlipCtxIus934dFg9o9jXiBL0nP+t9Q=="
    },
    "fast-text-encoding": {
      "version": "1.0.6",
      "resolved": "https://registry.npmjs.org/fast-text-encoding/-/fast-text-encoding-1.0.6.tgz",
      "integrity": "sha512-VhXlQgj9ioXCqGstD37E/HBeqEGV/qOD/kmbVG8h5xKBYvM1L3lR1Zn4555cQ8GkYbJa8aJSipLPndE1k6zK2w=="
    },
    "follow-redirects": {
      "version": "1.15.1",
      "resolved": "https://registry.npmjs.org/follow-redirects/-/follow-redirects-1.15.1.tgz",
      "integrity": "sha512-yLAMQs+k0b2m7cVxpS1VKJVvoz7SS9Td1zss3XRwXj+ZDH00RJgnuLx7E44wx02kQLrdM3aOOy+FpzS7+8OizA=="
    },
    "form-data": {
      "version": "4.0.0",
      "resolved": "https://registry.npmjs.org/form-data/-/form-data-4.0.0.tgz",
      "integrity": "sha512-ETEklSGi5t0QMZuiXoA/Q6vcnxcLQP5vdugSpuAyi6SVGi2clPPp+xgEhuMaHC+zGgn31Kd235W35f7Hykkaww==",
      "requires": {
        "asynckit": "^0.4.0",
        "combined-stream": "^1.0.8",
        "mime-types": "^2.1.12"
      }
    },
    "lodash": {
      "version": "4.17.21",
      "resolved": "https://registry.npmjs.org/lodash/-/lodash-4.17.21.tgz",
      "integrity": "sha512-v2kDEe57lecTulaDIuNTPy3Ry4gLGJ6Z1O3vE1krgXZNrsQ+LFTGHVxVjcXPs17LhbZVGedAJv8XZ1tvj5FvSg=="
    },
    "mime-db": {
      "version": "1.52.0",
      "resolved": "https://registry.npmjs.org/mime-db/-/mime-db-1.52.0.tgz",
      "integrity": "sha512-sPU4uV7dYlvtWJxwwxHD0PuihVNiE7TyAbQ5SWxDCB9mUYvOgroQOwYQQOKPJ8CIbE+1ETVlOoK1UC2nU3gYvg=="
    },
    "mime-types": {
      "version": "2.1.35",
      "resolved": "https://registry.npmjs.org/mime-types/-/mime-types-2.1.35.tgz",
      "integrity": "sha512-ZDY+bPm5zTTF+YpCrAU9nK0UgICYPT0QtT1NZWFv4s++TNkcgVaT0g6+4R2uI4MjQjzysHB1zxuWL50hzaeXiw==",
      "requires": {
        "mime-db": "1.52.0"
      }
    },
    "primeicons": {
      "version": "5.0.0",
      "resolved": "https://registry.npmjs.org/primeicons/-/primeicons-5.0.0.tgz",
      "integrity": "sha512-heygWF0X5HFI1otlZE62pp6ye7sZ8om78J9au2BRkg8O7Y8AHTZ9qKMRzchZUHLe8zUAvdi6hZzzm9XxgwIExw=="
    },
    "primeng": {
      "version": "14.0.2",
      "resolved": "https://registry.npmjs.org/primeng/-/primeng-14.0.2.tgz",
      "integrity": "sha512-u86x44LqD3tqA/ENnxqrjxZv6XZBlyhMDx2piTG0TTSNe5XKhrcoA7Bg7G3czdXKm8RFJNtAjBxZYoxdBmb/+Q==",
      "requires": {
        "tslib": "^2.3.0"
      }
    },
    "promise-polyfill": {
      "version": "8.2.3",
      "resolved": "https://registry.npmjs.org/promise-polyfill/-/promise-polyfill-8.2.3.tgz",
      "integrity": "sha512-Og0+jCRQetV84U8wVjMNccfGCnMQ9mGs9Hv78QFe+pSDD3gWTpz0y+1QCuxy5d/vBFuZ3iwP2eycAkvqIMPmWg=="
    },
    "rxjs": {
      "version": "7.5.6",
      "resolved": "https://registry.npmjs.org/rxjs/-/rxjs-7.5.6.tgz",
      "integrity": "sha512-dnyv2/YsXhnm461G+R/Pe5bWP41Nm6LBXEYWI6eiFP4fiwx6WRI/CD0zbdVAudd9xwLEF2IDcKXLHit0FYjUzw==",
      "peer": true,
      "requires": {
        "tslib": "^2.1.0"
      }
    },
    "tslib": {
      "version": "2.4.0",
      "resolved": "https://registry.npmjs.org/tslib/-/tslib-2.4.0.tgz",
      "integrity": "sha512-d6xOpEDfsi2CZVlPQzGeux8XMwLT9hssAsaPYExaQMuYskwb+x1x7J371tWlbBdWHroy99KnVB6qIkUbs5X3UQ=="
    },
    "unfetch": {
      "version": "4.2.0",
      "resolved": "https://registry.npmjs.org/unfetch/-/unfetch-4.2.0.tgz",
      "integrity": "sha512-F9p7yYCn6cIW9El1zi0HI6vqpeIvBsr3dSuRO6Xuppb1u5rXpCPmMvLSyECLhybr9isec8Ohl0hPekMVrEinDA=="
    },
    "zone.js": {
      "version": "0.11.8",
      "resolved": "https://registry.npmjs.org/zone.js/-/zone.js-0.11.8.tgz",
      "integrity": "sha512-82bctBg2hKcEJ21humWIkXRlLBBmrc3nN7DFh5LGGhcyycO2S7FN8NmdvlcKaGFDNVL4/9kFLmwmInTavdJERA==",
      "peer": true,
      "requires": {
        "tslib": "^2.3.0"
      }
    }
  }
}
